
Microsoft Visual Studio Solution File, Format Version 12.00
# Visual Studio 15
VisualStudioVersion = 15.0.28010.2046
MinimumVisualStudioVersion = 10.0.40219.1
Project("{FAE04EC0-301F-11D3-BF4B-00C04F79EFBC}") = "ConversioneWPF", "ConversioneWPF\ConversioneWPF.csproj", "{A6BCF9F6-0C8E-47EB-8232-625AAD032B9D}"
EndProject
Global
	GlobalSection(SolutionConfigurationPlatforms) = preSolution
		Debug|Any CPU = Debug|Any CPU
		Release|Any CPU = Release|Any CPU
	EndGlobalSection
	GlobalSection(ProjectConfigurationPlatforms) = postSolution
		{A6BCF9F6-0C8E-47EB-8232-625AAD032B9D}.Debug|Any CPU.ActiveCfg = Debug|Any CPU
		{A6BCF9F6-0C8E-47EB-8232-625AAD032B9D}.Debug|Any CPU.Build.0 = Debug|Any CPU
		{A6BCF9F6-0C8E-47EB-8232-625AAD032B9D}.Release|Any CPU.ActiveCfg = Release|Any CPU
		{A6BCF9F6-0C8E-47EB-8232-625AAD032B9D}.Release|Any CPU.Build.0 = Release|Any CPU
	EndGlobalSection
	GlobalSection(SolutionProperties) = preSolution
		HideSolutionNode = FALSE
	EndGlobalSection
	GlobalSection(ExtensibilityGlobals) = postSolution
		SolutionGuid = {B776B086-ADAF-4005-A478-27342E533B94}
	EndGlobalSection
EndGlobal
